
Microsoft Visual Studio Solution File, Format Version 12.00
# Visual Studio Version 17
VisualStudioVersion = 17.0.31903.59
MinimumVisualStudioVersion = 10.0.40219.1
Project("{FAE04EC0-301F-11D3-BF4B-00C04F79EFBC}") = "Lib", "Lib\Lib.csproj", "{1A3FBA9B-B7D7-4C6F-8B5B-06D214E1EA9B}"
EndProject
Project("{FAE04EC0-301F-11D3-BF4B-00C04F79EFBC}") = "Test", "Test\Test.csproj", "{2BF2775F-EF0B-4A66-AF2B-EB618AC71E38}"
EndProject
Project("{2150E333-8FDC-42A3-9474-1A3956D46DE8}") = "SolutionsItems", "SolutionsItems", "{1C2E6B58-9FA4-40D7-BFAE-0CF412ED921A}"
EndProject
Project("{FAE04EC0-301F-11D3-BF4B-00C04F79EFBC}") = "EFCoreStartProj", "EFCoreStartProj\EFCoreStartProj.csproj", "{30FD9253-19E0-4CFD-8810-763E0348F841}"
EndProject
Global
	GlobalSection(SolutionConfigurationPlatforms) = preSolution
		Debug|Any CPU = Debug|Any CPU
		Release|Any CPU = Release|Any CPU
	EndGlobalSection
	GlobalSection(ProjectConfigurationPlatforms) = postSolution
		{1A3FBA9B-B7D7-4C6F-8B5B-06D214E1EA9B}.Debug|Any CPU.ActiveCfg = Debug|Any CPU
		{1A3FBA9B-B7D7-4C6F-8B5B-06D214E1EA9B}.Debug|Any CPU.Build.0 = Debug|Any CPU
		{1A3FBA9B-B7D7-4C6F-8B5B-06D214E1EA9B}.Release|Any CPU.ActiveCfg = Release|Any CPU
		{1A3FBA9B-B7D7-4C6F-8B5B-06D214E1EA9B}.Release|Any CPU.Build.0 = Release|Any CPU
		{2BF2775F-EF0B-4A66-AF2B-EB618AC71E38}.Debug|Any CPU.ActiveCfg = Debug|Any CPU
		{2BF2775F-EF0B-4A66-AF2B-EB618AC71E38}.Debug|Any CPU.Build.0 = Debug|Any CPU
		{2BF2775F-EF0B-4A66-AF2B-EB618AC71E38}.Release|Any CPU.ActiveCfg = Release|Any CPU
		{2BF2775F-EF0B-4A66-AF2B-EB618AC71E38}.Release|Any CPU.Build.0 = Release|Any CPU
		{30FD9253-19E0-4CFD-8810-763E0348F841}.Debug|Any CPU.ActiveCfg = Debug|Any CPU
		{30FD9253-19E0-4CFD-8810-763E0348F841}.Debug|Any CPU.Build.0 = Debug|Any CPU
		{30FD9253-19E0-4CFD-8810-763E0348F841}.Release|Any CPU.ActiveCfg = Release|Any CPU
		{30FD9253-19E0-4CFD-8810-763E0348F841}.Release|Any CPU.Build.0 = Release|Any CPU
	EndGlobalSection
	GlobalSection(SolutionProperties) = preSolution
		HideSolutionNode = FALSE
	EndGlobalSection
	GlobalSection(ExtensibilityGlobals) = postSolution
		SolutionGuid = {2CE850F4-63AC-4439-BF7F-DFD961806D6B}
	EndGlobalSection
EndGlobal
